
Microsoft Visual Studio Solution File, Format Version 12.00
# Visual Studio Version 17
VisualStudioVersion = 17.6.33815.320
MinimumVisualStudioVersion = 10.0.40219.1
Project("{FAE04EC0-301F-11D3-BF4B-00C04F79EFBC}") = "ConAppDailyExercise02", "ConAppDailyExercise02\ConAppDailyExercise02.csproj", "{7FE6EFA6-78F4-42A3-808C-516668045B44}"
EndProject
Global
	GlobalSection(SolutionConfigurationPlatforms) = preSolution
		Debug|Any CPU = Debug|Any CPU
		Release|Any CPU = Release|Any CPU
	EndGlobalSection
	GlobalSection(ProjectConfigurationPlatforms) = postSolution
		{7FE6EFA6-78F4-42A3-808C-516668045B44}.Debug|Any CPU.ActiveCfg = Debug|Any CPU
		{7FE6EFA6-78F4-42A3-808C-516668045B44}.Debug|Any CPU.Build.0 = Debug|Any CPU
		{7FE6EFA6-78F4-42A3-808C-516668045B44}.Release|Any CPU.ActiveCfg = Release|Any CPU
		{7FE6EFA6-78F4-42A3-808C-516668045B44}.Release|Any CPU.Build.0 = Release|Any CPU
	EndGlobalSection
	GlobalSection(SolutionProperties) = preSolution
		HideSolutionNode = FALSE
	EndGlobalSection
	GlobalSection(ExtensibilityGlobals) = postSolution
		SolutionGuid = {6045C928-A96A-40F8-AA3D-D7D8BAEE38D5}
	EndGlobalSection
EndGlobal
